
Microsoft Visual Studio Solution File, Format Version 12.00
# Visual Studio Version 16
VisualStudioVersion = 16.0.29609.76
MinimumVisualStudioVersion = 10.0.40219.1
Project("{FAE04EC0-301F-11D3-BF4B-00C04F79EFBC}") = "Cyng", "Cyng\Cyng.csproj", "{64A6DD32-AF67-43A3-8D69-4A3EE8301E0C}"
EndProject
Project("{9A19103F-16F7-4668-BE54-9A1E7A4F7556}") = "Veritaware.Toolkits.LightVM.Std", "..\Veritaware.Toolkits.LightVM.Std\Veritaware.Toolkits.LightVM.Std.csproj", "{FFD9FFC7-4EE0-4595-A9F6-CD16E10A645C}"
EndProject
Global
	GlobalSection(SolutionConfigurationPlatforms) = preSolution
		Debug|Any CPU = Debug|Any CPU
		Release|Any CPU = Release|Any CPU
	EndGlobalSection
	GlobalSection(ProjectConfigurationPlatforms) = postSolution
		{64A6DD32-AF67-43A3-8D69-4A3EE8301E0C}.Debug|Any CPU.ActiveCfg = Debug|Any CPU
		{64A6DD32-AF67-43A3-8D69-4A3EE8301E0C}.Debug|Any CPU.Build.0 = Debug|Any CPU
		{64A6DD32-AF67-43A3-8D69-4A3EE8301E0C}.Release|Any CPU.ActiveCfg = Release|Any CPU
		{64A6DD32-AF67-43A3-8D69-4A3EE8301E0C}.Release|Any CPU.Build.0 = Release|Any CPU
		{FFD9FFC7-4EE0-4595-A9F6-CD16E10A645C}.Debug|Any CPU.ActiveCfg = Debug|Any CPU
		{FFD9FFC7-4EE0-4595-A9F6-CD16E10A645C}.Debug|Any CPU.Build.0 = Debug|Any CPU
		{FFD9FFC7-4EE0-4595-A9F6-CD16E10A645C}.Release|Any CPU.ActiveCfg = Release|Any CPU
		{FFD9FFC7-4EE0-4595-A9F6-CD16E10A645C}.Release|Any CPU.Build.0 = Release|Any CPU
	EndGlobalSection
	GlobalSection(SolutionProperties) = preSolution
		HideSolutionNode = FALSE
	EndGlobalSection
	GlobalSection(ExtensibilityGlobals) = postSolution
		SolutionGuid = {53BE7E6E-CA85-40A1-9676-4CF5961AB242}
	EndGlobalSection
EndGlobal
